
Microsoft Visual Studio Solution File, Format Version 12.00
# Visual Studio Version 16
VisualStudioVersion = 16.0.32802.440
MinimumVisualStudioVersion = 10.0.40219.1
Project("{8BC9CEB8-8B4A-11D0-8D11-00A0C91BC942}") = "looptest", "looptest.vcxproj", "{DEBCEB73-A348-4EF9-A165-708122A1097A}"
EndProject
Global
	GlobalSection(SolutionConfigurationPlatforms) = preSolution
		Debug|x64 = Debug|x64
		Debug|x86 = Debug|x86
		Release|x64 = Release|x64
		Release|x86 = Release|x86
	EndGlobalSection
	GlobalSection(ProjectConfigurationPlatforms) = postSolution
		{DEBCEB73-A348-4EF9-A165-708122A1097A}.Debug|x64.ActiveCfg = Debug|x64
		{DEBCEB73-A348-4EF9-A165-708122A1097A}.Debug|x64.Build.0 = Debug|x64
		{DEBCEB73-A348-4EF9-A165-708122A1097A}.Debug|x86.ActiveCfg = Debug|Win32
		{DEBCEB73-A348-4EF9-A165-708122A1097A}.Debug|x86.Build.0 = Debug|Win32
		{DEBCEB73-A348-4EF9-A165-708122A1097A}.Release|x64.ActiveCfg = Release|x64
		{DEBCEB73-A348-4EF9-A165-708122A1097A}.Release|x64.Build.0 = Release|x64
		{DEBCEB73-A348-4EF9-A165-708122A1097A}.Release|x86.ActiveCfg = Release|Win32
		{DEBCEB73-A348-4EF9-A165-708122A1097A}.Release|x86.Build.0 = Release|Win32
	EndGlobalSection
	GlobalSection(SolutionProperties) = preSolution
		HideSolutionNode = FALSE
	EndGlobalSection
	GlobalSection(ExtensibilityGlobals) = postSolution
		SolutionGuid = {A2111C14-457A-43AA-A97B-8F9E13E341DE}
	EndGlobalSection
EndGlobal
